
Microsoft Visual Studio Solution File, Format Version 12.00
# Visual Studio Version 17
VisualStudioVersion = 17.14.36221.1 d17.14
MinimumVisualStudioVersion = 10.0.40219.1
Project("{FAE04EC0-301F-11D3-BF4B-00C04F79EFBC}") = "Count and Say", "Count and Say\Count and Say.csproj", "{5B23F6BC-A7F5-4E71-BC8A-626031BE6A7F}"
EndProject
Global
	GlobalSection(SolutionConfigurationPlatforms) = preSolution
		Debug|Any CPU = Debug|Any CPU
		Release|Any CPU = Release|Any CPU
	EndGlobalSection
	GlobalSection(ProjectConfigurationPlatforms) = postSolution
		{5B23F6BC-A7F5-4E71-BC8A-626031BE6A7F}.Debug|Any CPU.ActiveCfg = Debug|Any CPU
		{5B23F6BC-A7F5-4E71-BC8A-626031BE6A7F}.Debug|Any CPU.Build.0 = Debug|Any CPU
		{5B23F6BC-A7F5-4E71-BC8A-626031BE6A7F}.Release|Any CPU.ActiveCfg = Release|Any CPU
		{5B23F6BC-A7F5-4E71-BC8A-626031BE6A7F}.Release|Any CPU.Build.0 = Release|Any CPU
	EndGlobalSection
	GlobalSection(SolutionProperties) = preSolution
		HideSolutionNode = FALSE
	EndGlobalSection
	GlobalSection(ExtensibilityGlobals) = postSolution
		SolutionGuid = {253CAFE2-6138-4DE4-A19D-BC34BA68D4CE}
	EndGlobalSection
EndGlobal
