
Microsoft Visual Studio Solution File, Format Version 12.00
# Visual Studio Version 17
VisualStudioVersion = 17.14.36221.1 d17.14
MinimumVisualStudioVersion = 10.0.40219.1
Project("{FAE04EC0-301F-11D3-BF4B-00C04F79EFBC}") = "Find First and Last Position of Element in Sorted Array", "Find First and Last Position of Element in Sorted Array\Find First and Last Position of Element in Sorted Array.csproj", "{176296E7-3CD3-4B0A-91A5-233C727DDD03}"
EndProject
Global
	GlobalSection(SolutionConfigurationPlatforms) = preSolution
		Debug|Any CPU = Debug|Any CPU
		Release|Any CPU = Release|Any CPU
	EndGlobalSection
	GlobalSection(ProjectConfigurationPlatforms) = postSolution
		{176296E7-3CD3-4B0A-91A5-233C727DDD03}.Debug|Any CPU.ActiveCfg = Debug|Any CPU
		{176296E7-3CD3-4B0A-91A5-233C727DDD03}.Debug|Any CPU.Build.0 = Debug|Any CPU
		{176296E7-3CD3-4B0A-91A5-233C727DDD03}.Release|Any CPU.ActiveCfg = Release|Any CPU
		{176296E7-3CD3-4B0A-91A5-233C727DDD03}.Release|Any CPU.Build.0 = Release|Any CPU
	EndGlobalSection
	GlobalSection(SolutionProperties) = preSolution
		HideSolutionNode = FALSE
	EndGlobalSection
	GlobalSection(ExtensibilityGlobals) = postSolution
		SolutionGuid = {9BB489C0-44B7-4965-809A-BFF623851CE7}
	EndGlobalSection
EndGlobal
